
Microsoft Visual Studio Solution File, Format Version 12.00
# Visual Studio Version 16
VisualStudioVersion = 16.0.28711.60
MinimumVisualStudioVersion = 10.0.40219.1
Project("{FAE04EC0-301F-11D3-BF4B-00C04F79EFBC}") = "BioG2.MainConsole", "BioG2.MainConsole\BioG2.MainConsole.csproj", "{8D543182-F5A6-44FB-B492-94D7101D408D}"
EndProject
Global
	GlobalSection(SolutionConfigurationPlatforms) = preSolution
		Debug|Any CPU = Debug|Any CPU
		Release|Any CPU = Release|Any CPU
	EndGlobalSection
	GlobalSection(ProjectConfigurationPlatforms) = postSolution
		{8D543182-F5A6-44FB-B492-94D7101D408D}.Debug|Any CPU.ActiveCfg = Debug|Any CPU
		{8D543182-F5A6-44FB-B492-94D7101D408D}.Debug|Any CPU.Build.0 = Debug|Any CPU
		{8D543182-F5A6-44FB-B492-94D7101D408D}.Release|Any CPU.ActiveCfg = Release|Any CPU
		{8D543182-F5A6-44FB-B492-94D7101D408D}.Release|Any CPU.Build.0 = Release|Any CPU
	EndGlobalSection
	GlobalSection(SolutionProperties) = preSolution
		HideSolutionNode = FALSE
	EndGlobalSection
	GlobalSection(ExtensibilityGlobals) = postSolution
		SolutionGuid = {EB3D16F6-C415-4E6B-986F-840EEBB98741}
	EndGlobalSection
EndGlobal
