
Microsoft Visual Studio Solution File, Format Version 12.00
# Visual Studio Version 16
VisualStudioVersion = 16.0.29403.142
MinimumVisualStudioVersion = 10.0.40219.1
Project("{F2A71F9B-5D33-465A-A702-920D77279786}") = "NBGA", "NBGA\NBGA.fsproj", "{196CE509-B763-4748-9240-FEF59C09D405}"
EndProject
Project("{FAE04EC0-301F-11D3-BF4B-00C04F79EFBC}") = "NBGAC", "NBGAC\NBGAC.csproj", "{708B6277-5031-4BA3-A165-736BDC2A9419}"
EndProject
Global
	GlobalSection(SolutionConfigurationPlatforms) = preSolution
		Debug|Any CPU = Debug|Any CPU
		Release|Any CPU = Release|Any CPU
	EndGlobalSection
	GlobalSection(ProjectConfigurationPlatforms) = postSolution
		{196CE509-B763-4748-9240-FEF59C09D405}.Debug|Any CPU.ActiveCfg = Debug|Any CPU
		{196CE509-B763-4748-9240-FEF59C09D405}.Debug|Any CPU.Build.0 = Debug|Any CPU
		{196CE509-B763-4748-9240-FEF59C09D405}.Release|Any CPU.ActiveCfg = Release|Any CPU
		{196CE509-B763-4748-9240-FEF59C09D405}.Release|Any CPU.Build.0 = Release|Any CPU
		{708B6277-5031-4BA3-A165-736BDC2A9419}.Debug|Any CPU.ActiveCfg = Debug|Any CPU
		{708B6277-5031-4BA3-A165-736BDC2A9419}.Debug|Any CPU.Build.0 = Debug|Any CPU
		{708B6277-5031-4BA3-A165-736BDC2A9419}.Release|Any CPU.ActiveCfg = Release|Any CPU
		{708B6277-5031-4BA3-A165-736BDC2A9419}.Release|Any CPU.Build.0 = Release|Any CPU
	EndGlobalSection
	GlobalSection(SolutionProperties) = preSolution
		HideSolutionNode = FALSE
	EndGlobalSection
	GlobalSection(ExtensibilityGlobals) = postSolution
		SolutionGuid = {53C3FA8F-5376-45EA-A8B4-255E9A3664F8}
	EndGlobalSection
EndGlobal
